
Microsoft Visual Studio Solution File, Format Version 12.00
# Visual Studio Version 16
VisualStudioVersion = 16.0.30709.132
MinimumVisualStudioVersion = 10.0.40219.1
Project("{9A19103F-16F7-4668-BE54-9A1E7A4F7556}") = "StyletStarter.Core", "StyletStarter.Core\StyletStarter.Core.csproj", "{6A4B3CF9-70ED-4DA0-96F0-730B9A17FA95}"
EndProject
Project("{9A19103F-16F7-4668-BE54-9A1E7A4F7556}") = "StyletStarter.Wpf", "StyletStarter.Wpf\StyletStarter.Wpf.csproj", "{69AE6A85-75B5-4EAE-A795-D76F534FDCE0}"
EndProject
Project("{2150E333-8FDC-42A3-9474-1A3956D46DE8}") = "Solution Items", "Solution Items", "{7375A69A-6BB4-445A-8CFA-29EB2B0E89B3}"
	ProjectSection(SolutionItems) = preProject
		readme.md = readme.md
	EndProjectSection
EndProject
Global
	GlobalSection(SolutionConfigurationPlatforms) = preSolution
		Debug|Any CPU = Debug|Any CPU
		Release|Any CPU = Release|Any CPU
	EndGlobalSection
	GlobalSection(ProjectConfigurationPlatforms) = postSolution
		{6A4B3CF9-70ED-4DA0-96F0-730B9A17FA95}.Debug|Any CPU.ActiveCfg = Debug|Any CPU
		{6A4B3CF9-70ED-4DA0-96F0-730B9A17FA95}.Debug|Any CPU.Build.0 = Debug|Any CPU
		{6A4B3CF9-70ED-4DA0-96F0-730B9A17FA95}.Release|Any CPU.ActiveCfg = Release|Any CPU
		{6A4B3CF9-70ED-4DA0-96F0-730B9A17FA95}.Release|Any CPU.Build.0 = Release|Any CPU
		{69AE6A85-75B5-4EAE-A795-D76F534FDCE0}.Debug|Any CPU.ActiveCfg = Debug|Any CPU
		{69AE6A85-75B5-4EAE-A795-D76F534FDCE0}.Debug|Any CPU.Build.0 = Debug|Any CPU
		{69AE6A85-75B5-4EAE-A795-D76F534FDCE0}.Release|Any CPU.ActiveCfg = Release|Any CPU
		{69AE6A85-75B5-4EAE-A795-D76F534FDCE0}.Release|Any CPU.Build.0 = Release|Any CPU
	EndGlobalSection
	GlobalSection(SolutionProperties) = preSolution
		HideSolutionNode = FALSE
	EndGlobalSection
	GlobalSection(ExtensibilityGlobals) = postSolution
		SolutionGuid = {E981C055-14BD-4264-97DA-988FBBF783EC}
	EndGlobalSection
EndGlobal
