
Microsoft Visual Studio Solution File, Format Version 12.00
# Visual Studio Version 16
VisualStudioVersion = 16.0.30717.126
MinimumVisualStudioVersion = 10.0.40219.1
Project("{FAE04EC0-301F-11D3-BF4B-00C04F79EFBC}") = "DemoLibrary", "DemoLibrary\DemoLibrary.csproj", "{AE5BF82F-78B2-42C4-ABBE-B9999B86F34F}"
EndProject
Global
	GlobalSection(SolutionConfigurationPlatforms) = preSolution
		Debug|Any CPU = Debug|Any CPU
		Release|Any CPU = Release|Any CPU
	EndGlobalSection
	GlobalSection(ProjectConfigurationPlatforms) = postSolution
		{AE5BF82F-78B2-42C4-ABBE-B9999B86F34F}.Debug|Any CPU.ActiveCfg = Debug|Any CPU
		{AE5BF82F-78B2-42C4-ABBE-B9999B86F34F}.Debug|Any CPU.Build.0 = Debug|Any CPU
		{AE5BF82F-78B2-42C4-ABBE-B9999B86F34F}.Release|Any CPU.ActiveCfg = Release|Any CPU
		{AE5BF82F-78B2-42C4-ABBE-B9999B86F34F}.Release|Any CPU.Build.0 = Release|Any CPU
	EndGlobalSection
	GlobalSection(SolutionProperties) = preSolution
		HideSolutionNode = FALSE
	EndGlobalSection
	GlobalSection(ExtensibilityGlobals) = postSolution
		SolutionGuid = {CB1D784F-C5C4-4E16-B3FA-4268D90C1175}
	EndGlobalSection
EndGlobal
