
Microsoft Visual Studio Solution File, Format Version 12.00
# Visual Studio Version 16
VisualStudioVersion = 16.0.30717.126
MinimumVisualStudioVersion = 10.0.40219.1
Project("{9A19103F-16F7-4668-BE54-9A1E7A4F7556}") = "DemoLibrary", "DemoLibrary\DemoLibrary.csproj", "{AE5BF82F-78B2-42C4-ABBE-B9999B86F34F}"
EndProject
Project("{2150E333-8FDC-42A3-9474-1A3956D46DE8}") = "Solution Items", "Solution Items", "{FCCA7998-EA89-4FA0-9B29-084E21BB888F}"
	ProjectSection(SolutionItems) = preProject
		readme.md = readme.md
	EndProjectSection
EndProject
Project("{FAE04EC0-301F-11D3-BF4B-00C04F79EFBC}") = "ConsoleApp1", "ConsoleApp1\ConsoleApp1.csproj", "{77648D90-1687-4A7B-9325-DF3EE8A76574}"
EndProject
Project("{9A19103F-16F7-4668-BE54-9A1E7A4F7556}") = "WPFDemoUI", "WPFDemoUI\WPFDemoUI.csproj", "{F8F68542-1C09-4FB4-B2C3-28E649C5A6BB}"
EndProject
Global
	GlobalSection(SolutionConfigurationPlatforms) = preSolution
		Debug|Any CPU = Debug|Any CPU
		Release|Any CPU = Release|Any CPU
	EndGlobalSection
	GlobalSection(ProjectConfigurationPlatforms) = postSolution
		{AE5BF82F-78B2-42C4-ABBE-B9999B86F34F}.Debug|Any CPU.ActiveCfg = Debug|Any CPU
		{AE5BF82F-78B2-42C4-ABBE-B9999B86F34F}.Debug|Any CPU.Build.0 = Debug|Any CPU
		{AE5BF82F-78B2-42C4-ABBE-B9999B86F34F}.Release|Any CPU.ActiveCfg = Release|Any CPU
		{AE5BF82F-78B2-42C4-ABBE-B9999B86F34F}.Release|Any CPU.Build.0 = Release|Any CPU
		{77648D90-1687-4A7B-9325-DF3EE8A76574}.Debug|Any CPU.ActiveCfg = Debug|Any CPU
		{77648D90-1687-4A7B-9325-DF3EE8A76574}.Debug|Any CPU.Build.0 = Debug|Any CPU
		{77648D90-1687-4A7B-9325-DF3EE8A76574}.Release|Any CPU.ActiveCfg = Release|Any CPU
		{77648D90-1687-4A7B-9325-DF3EE8A76574}.Release|Any CPU.Build.0 = Release|Any CPU
		{F8F68542-1C09-4FB4-B2C3-28E649C5A6BB}.Debug|Any CPU.ActiveCfg = Debug|Any CPU
		{F8F68542-1C09-4FB4-B2C3-28E649C5A6BB}.Debug|Any CPU.Build.0 = Debug|Any CPU
		{F8F68542-1C09-4FB4-B2C3-28E649C5A6BB}.Release|Any CPU.ActiveCfg = Release|Any CPU
		{F8F68542-1C09-4FB4-B2C3-28E649C5A6BB}.Release|Any CPU.Build.0 = Release|Any CPU
	EndGlobalSection
	GlobalSection(SolutionProperties) = preSolution
		HideSolutionNode = FALSE
	EndGlobalSection
	GlobalSection(ExtensibilityGlobals) = postSolution
		SolutionGuid = {CB1D784F-C5C4-4E16-B3FA-4268D90C1175}
	EndGlobalSection
EndGlobal
