
Microsoft Visual Studio Solution File, Format Version 12.00
# Visual Studio Version 16
VisualStudioVersion = 16.0.31410.357
MinimumVisualStudioVersion = 10.0.40219.1
Project("{9A19103F-16F7-4668-BE54-9A1E7A4F7556}") = "AvalonDock", "AvalonDock\AvalonDock.csproj", "{F677F83C-0755-4E92-A7EE-CB3AF9528310}"
EndProject
Project("{2150E333-8FDC-42A3-9474-1A3956D46DE8}") = "Solution Items", "Solution Items", "{001C303C-F1B7-4613-A5F2-C58F0692AD33}"
	ProjectSection(SolutionItems) = preProject
		.editorconfig = .editorconfig
		Settings.XamlStyler = Settings.XamlStyler
	EndProjectSection
EndProject
Project("{9A19103F-16F7-4668-BE54-9A1E7A4F7556}") = "EdiAvalon", "EdiAvalon\EdiAvalon.csproj", "{01B3E4FD-EA3E-4733-AA68-67340391F048}"
EndProject
Project("{FAE04EC0-301F-11D3-BF4B-00C04F79EFBC}") = "Dirkster99AvalonDock", "Dirkster99AvalonDock\Dirkster99AvalonDock.csproj", "{EBF51F3C-00E9-40C9-A6B2-25C84E1BACD8}"
EndProject
Global
	GlobalSection(SolutionConfigurationPlatforms) = preSolution
		Debug|Any CPU = Debug|Any CPU
		Release|Any CPU = Release|Any CPU
	EndGlobalSection
	GlobalSection(ProjectConfigurationPlatforms) = postSolution
		{F677F83C-0755-4E92-A7EE-CB3AF9528310}.Debug|Any CPU.ActiveCfg = Debug|Any CPU
		{F677F83C-0755-4E92-A7EE-CB3AF9528310}.Debug|Any CPU.Build.0 = Debug|Any CPU
		{F677F83C-0755-4E92-A7EE-CB3AF9528310}.Release|Any CPU.ActiveCfg = Release|Any CPU
		{F677F83C-0755-4E92-A7EE-CB3AF9528310}.Release|Any CPU.Build.0 = Release|Any CPU
		{01B3E4FD-EA3E-4733-AA68-67340391F048}.Debug|Any CPU.ActiveCfg = Debug|Any CPU
		{01B3E4FD-EA3E-4733-AA68-67340391F048}.Debug|Any CPU.Build.0 = Debug|Any CPU
		{01B3E4FD-EA3E-4733-AA68-67340391F048}.Release|Any CPU.ActiveCfg = Release|Any CPU
		{01B3E4FD-EA3E-4733-AA68-67340391F048}.Release|Any CPU.Build.0 = Release|Any CPU
		{EBF51F3C-00E9-40C9-A6B2-25C84E1BACD8}.Debug|Any CPU.ActiveCfg = Debug|Any CPU
		{EBF51F3C-00E9-40C9-A6B2-25C84E1BACD8}.Debug|Any CPU.Build.0 = Debug|Any CPU
		{EBF51F3C-00E9-40C9-A6B2-25C84E1BACD8}.Release|Any CPU.ActiveCfg = Release|Any CPU
		{EBF51F3C-00E9-40C9-A6B2-25C84E1BACD8}.Release|Any CPU.Build.0 = Release|Any CPU
	EndGlobalSection
	GlobalSection(SolutionProperties) = preSolution
		HideSolutionNode = FALSE
	EndGlobalSection
	GlobalSection(ExtensibilityGlobals) = postSolution
		SolutionGuid = {EC3AAEE0-5D3E-4AA7-986E-7707068F8987}
	EndGlobalSection
EndGlobal
