
Microsoft Visual Studio Solution File, Format Version 12.00
# Visual Studio Version 16
VisualStudioVersion = 16.0.31410.357
MinimumVisualStudioVersion = 10.0.40219.1
Project("{FAE04EC0-301F-11D3-BF4B-00C04F79EFBC}") = "AvalonDock", "AvalonDock\AvalonDock.csproj", "{F677F83C-0755-4E92-A7EE-CB3AF9528310}"
EndProject
Global
	GlobalSection(SolutionConfigurationPlatforms) = preSolution
		Debug|Any CPU = Debug|Any CPU
		Release|Any CPU = Release|Any CPU
	EndGlobalSection
	GlobalSection(ProjectConfigurationPlatforms) = postSolution
		{F677F83C-0755-4E92-A7EE-CB3AF9528310}.Debug|Any CPU.ActiveCfg = Debug|Any CPU
		{F677F83C-0755-4E92-A7EE-CB3AF9528310}.Debug|Any CPU.Build.0 = Debug|Any CPU
		{F677F83C-0755-4E92-A7EE-CB3AF9528310}.Release|Any CPU.ActiveCfg = Release|Any CPU
		{F677F83C-0755-4E92-A7EE-CB3AF9528310}.Release|Any CPU.Build.0 = Release|Any CPU
	EndGlobalSection
	GlobalSection(SolutionProperties) = preSolution
		HideSolutionNode = FALSE
	EndGlobalSection
	GlobalSection(ExtensibilityGlobals) = postSolution
		SolutionGuid = {EC3AAEE0-5D3E-4AA7-986E-7707068F8987}
	EndGlobalSection
EndGlobal
